// !$*UTF8*$!
{
	archiveVersion = 1;
	classes = {
	};
	objectVersion = 77;
	objects = {

/* Begin PBXBuildFile section */
		0438DD1F2D98E72C004EF3D9 /* Auth in Frameworks */ = {isa = PBXBuildFile; productRef = 0438DD1E2D98E72C004EF3D9 /* Auth */; };
		0438DD212D98E72C004EF3D9 /* Functions in Frameworks */ = {isa = PBXBuildFile; productRef = 0438DD202D98E72C004EF3D9 /* Functions */; };
		0438DD232D98E72C004EF3D9 /* PostgREST in Frameworks */ = {isa = PBXBuildFile; productRef = 0438DD222D98E72C004EF3D9 /* PostgREST */; };
		0438DD252D98E72C004EF3D9 /* Realtime in Frameworks */ = {isa = PBXBuildFile; productRef = 0438DD242D98E72C004EF3D9 /* Realtime */; };
		0438DD272D98E72C004EF3D9 /* Storage in Frameworks */ = {isa = PBXBuildFile; productRef = 0438DD262D98E72C004EF3D9 /* Storage */; };
		0438DD292D98E72C004EF3D9 /* Supabase in Frameworks */ = {isa = PBXBuildFile; productRef = 0438DD282D98E72C004EF3D9 /* Supabase */; };
/* End PBXBuildFile section */

/* Begin PBXContainerItemProxy section */
		04C7559C2D987954007B533C /* PBXContainerItemProxy */ = {
			isa = PBXContainerItemProxy;
			containerPortal = 04C755832D987952007B533C /* Project object */;
			proxyType = 1;
			remoteGlobalIDString = 04C7558A2D987952007B533C;
			remoteInfo = TheHarborGroupApp;
		};
		04C755A62D987954007B533C /* PBXContainerItemProxy */ = {
			isa = PBXContainerItemProxy;
			containerPortal = 04C755832D987952007B533C /* Project object */;
			proxyType = 1;
			remoteGlobalIDString = 04C7558A2D987952007B533C;
			remoteInfo = TheHarborGroupApp;
		};
/* End PBXContainerItemProxy section */

/* Begin PBXFileReference section */
		04C7558B2D987952007B533C /* TheHarborGroupApp.app */ = {isa = PBXFileReference; explicitFileType = wrapper.application; includeInIndex = 0; path = TheHarborGroupApp.app; sourceTree = BUILT_PRODUCTS_DIR; };
		04C7559B2D987954007B533C /* TheHarborGroupAppTests.xctest */ = {isa = PBXFileReference; explicitFileType = wrapper.cfbundle; includeInIndex = 0; path = TheHarborGroupAppTests.xctest; sourceTree = BUILT_PRODUCTS_DIR; };
		04C755A52D987954007B533C /* TheHarborGroupAppUITests.xctest */ = {isa = PBXFileReference; explicitFileType = wrapper.cfbundle; includeInIndex = 0; path = TheHarborGroupAppUITests.xctest; sourceTree = BUILT_PRODUCTS_DIR; };
/* End PBXFileReference section */

/* Begin PBXFileSystemSynchronizedRootGroup section */
		04C7558D2D987952007B533C /* TheHarborGroupApp */ = {
			isa = PBXFileSystemSynchronizedRootGroup;
			path = TheHarborGroupApp;
			sourceTree = "<group>";
		};
		04C7559E2D987954007B533C /* TheHarborGroupAppTests */ = {
			isa = PBXFileSystemSynchronizedRootGroup;
			path = TheHarborGroupAppTests;
			sourceTree = "<group>";
		};
		04C755A82D987954007B533C /* TheHarborGroupAppUITests */ = {
			isa = PBXFileSystemSynchronizedRootGroup;
			path = TheHarborGroupAppUITests;
			sourceTree = "<group>";
		};
/* End PBXFileSystemSynchronizedRootGroup section */

/* Begin PBXFrameworksBuildPhase section */
		04C755882D987952007B533C /* Frameworks */ = {
			isa = PBXFrameworksBuildPhase;
			buildActionMask = 2147483647;
			files = (
				0438DD232D98E72C004EF3D9 /* PostgREST in Frameworks */,
				0438DD212D98E72C004EF3D9 /* Functions in Frameworks */,
				0438DD292D98E72C004EF3D9 /* Supabase in Frameworks */,
				0438DD1F2D98E72C004EF3D9 /* Auth in Frameworks */,
				0438DD272D98E72C004EF3D9 /* Storage in Frameworks */,
				0438DD252D98E72C004EF3D9 /* Realtime in Frameworks */,
			);
			runOnlyForDeploymentPostprocessing = 0;
		};
		04C755982D987954007B533C /* Frameworks */ = {
			isa = PBXFrameworksBuildPhase;
			buildActionMask = 2147483647;
			files = (
			);
			runOnlyForDeploymentPostprocessing = 0;
		};
		04C755A22D987954007B533C /* Frameworks */ = {
			isa = PBXFrameworksBuildPhase;
			buildActionMask = 2147483647;
			files = (
			);
			runOnlyForDeploymentPostprocessing = 0;
		};
/* End PBXFrameworksBuildPhase section */

/* Begin PBXGroup section */
		04C755822D987952007B533C = {
			isa = PBXGroup;
			children = (
				04C7558D2D987952007B533C /* TheHarborGroupApp */,
				04C7559E2D987954007B533C /* TheHarborGroupAppTests */,
				04C755A82D987954007B533C /* TheHarborGroupAppUITests */,
				04C7558C2D987952007B533C /* Products */,
			);
			sourceTree = "<group>";
		};
		04C7558C2D987952007B533C /* Products */ = {
			isa = PBXGroup;
			children = (
				04C7558B2D987952007B533C /* TheHarborGroupApp.app */,
				04C7559B2D987954007B533C /* TheHarborGroupAppTests.xctest */,
				04C755A52D987954007B533C /* TheHarborGroupAppUITests.xctest */,
			);
			name = Products;
			sourceTree = "<group>";
		};
/* End PBXGroup section */

/* Begin PBXNativeTarget section */
		04C7558A2D987952007B533C /* TheHarborGroupApp */ = {
			isa = PBXNativeTarget;
			buildConfigurationList = 04C755AF2D987954007B533C /* Build configuration list for PBXNativeTarget "TheHarborGroupApp" */;
			buildPhases = (
				04C755872D987952007B533C /* Sources */,
				04C755882D987952007B533C /* Frameworks */,
				04C755892D987952007B533C /* Resources */,
			);
			buildRules = (
			);
			dependencies = (
			);
			fileSystemSynchronizedGroups = (
				04C7558D2D987952007B533C /* TheHarborGroupApp */,
			);
			name = TheHarborGroupApp;
			packageProductDependencies = (
				0438DD1E2D98E72C004EF3D9 /* Auth */,
				0438DD202D98E72C004EF3D9 /* Functions */,
				0438DD222D98E72C004EF3D9 /* PostgREST */,
				0438DD242D98E72C004EF3D9 /* Realtime */,
				0438DD262D98E72C004EF3D9 /* Storage */,
				0438DD282D98E72C004EF3D9 /* Supabase */,
			);
			productName = TheHarborGroupApp;
			productReference = 04C7558B2D987952007B533C /* TheHarborGroupApp.app */;
			productType = "com.apple.product-type.application";
		};
		04C7559A2D987954007B533C /* TheHarborGroupAppTests */ = {
			isa = PBXNativeTarget;
			buildConfigurationList = 04C755B22D987954007B533C /* Build configuration list for PBXNativeTarget "TheHarborGroupAppTests" */;
			buildPhases = (
				04C755972D987954007B533C /* Sources */,
				04C755982D987954007B533C /* Frameworks */,
				04C755992D987954007B533C /* Resources */,
			);
			buildRules = (
			);
			dependencies = (
				04C7559D2D987954007B533C /* PBXTargetDependency */,
			);
			fileSystemSynchronizedGroups = (
				04C7559E2D987954007B533C /* TheHarborGroupAppTests */,
			);
			name = TheHarborGroupAppTests;
			packageProductDependencies = (
			);
			productName = TheHarborGroupAppTests;
			productReference = 04C7559B2D987954007B533C /* TheHarborGroupAppTests.xctest */;
			productType = "com.apple.product-type.bundle.unit-test";
		};
		04C755A42D987954007B533C /* TheHarborGroupAppUITests */ = {
			isa = PBXNativeTarget;
			buildConfigurationList = 04C755B52D987954007B533C /* Build configuration list for PBXNativeTarget "TheHarborGroupAppUITests" */;
			buildPhases = (
				04C755A12D987954007B533C /* Sources */,
				04C755A22D987954007B533C /* Frameworks */,
				04C755A32D987954007B533C /* Resources */,
			);
			buildRules = (
			);
			dependencies = (
				04C755A72D987954007B533C /* PBXTargetDependency */,
			);
			fileSystemSynchronizedGroups = (
				04C755A82D987954007B533C /* TheHarborGroupAppUITests */,
			);
			name = TheHarborGroupAppUITests;
			packageProductDependencies = (
			);
			productName = TheHarborGroupAppUITests;
			productReference = 04C755A52D987954007B533C /* TheHarborGroupAppUITests.xctest */;
			productType = "com.apple.product-type.bundle.ui-testing";
		};
/* End PBXNativeTarget section */

/* Begin PBXProject section */
		04C755832D987952007B533C /* Project object */ = {
			isa = PBXProject;
			attributes = {
				BuildIndependentTargetsInParallel = 1;
				LastSwiftUpdateCheck = 1620;
				LastUpgradeCheck = 1620;
				TargetAttributes = {
					04C7558A2D987952007B533C = {
						CreatedOnToolsVersion = 16.2;
					};
					04C7559A2D987954007B533C = {
						CreatedOnToolsVersion = 16.2;
						TestTargetID = 04C7558A2D987952007B533C;
					};
					04C755A42D987954007B533C = {
						CreatedOnToolsVersion = 16.2;
						TestTargetID = 04C7558A2D987952007B533C;
					};
				};
			};
			buildConfigurationList = 04C755862D987952007B533C /* Build configuration list for PBXProject "TheHarborGroupApp" */;
			developmentRegion = en;
			hasScannedForEncodings = 0;
			knownRegions = (
				en,
				Base,
			);
			mainGroup = 04C755822D987952007B533C;
			minimizedProjectReferenceProxies = 1;
			packageReferences = (
				0438DD1D2D98E72C004EF3D9 /* XCRemoteSwiftPackageReference "supabase-swift" */,
			);
			preferredProjectObjectVersion = 77;
			productRefGroup = 04C7558C2D987952007B533C /* Products */;
			projectDirPath = "";
			projectRoot = "";
			targets = (
				04C7558A2D987952007B533C /* TheHarborGroupApp */,
				04C7559A2D987954007B533C /* TheHarborGroupAppTests */,
				04C755A42D987954007B533C /* TheHarborGroupAppUITests */,
			);
		};
/* End PBXProject section */

/* Begin PBXResourcesBuildPhase section */
		04C755892D987952007B533C /* Resources */ = {
			isa = PBXResourcesBuildPhase;
			buildActionMask = 2147483647;
			files = (
			);
			runOnlyForDeploymentPostprocessing = 0;
		};
		04C755992D987954007B533C /* Resources */ = {
			isa = PBXResourcesBuildPhase;
			buildActionMask = 2147483647;
			files = (
			);
			runOnlyForDeploymentPostprocessing = 0;
		};
		04C755A32D987954007B533C /* Resources */ = {
			isa = PBXResourcesBuildPhase;
			buildActionMask = 2147483647;
			files = (
			);
			runOnlyForDeploymentPostprocessing = 0;
		};
/* End PBXResourcesBuildPhase section */

/* Begin PBXSourcesBuildPhase section */
		04C755872D987952007B533C /* Sources */ = {
			isa = PBXSourcesBuildPhase;
			buildActionMask = 2147483647;
			files = (
			);
			runOnlyForDeploymentPostprocessing = 0;
		};
		04C755972D987954007B533C /* Sources */ = {
			isa = PBXSourcesBuildPhase;
			buildActionMask = 2147483647;
			files = (
			);
			runOnlyForDeploymentPostprocessing = 0;
		};
		04C755A12D987954007B533C /* Sources */ = {
			isa = PBXSourcesBuildPhase;
			buildActionMask = 2147483647;
			files = (
			);
			runOnlyForDeploymentPostprocessing = 0;
		};
/* End PBXSourcesBuildPhase section */

/* Begin PBXTargetDependency section */
		04C7559D2D987954007B533C /* PBXTargetDependency */ = {
			isa = PBXTargetDependency;
			target = 04C7558A2D987952007B533C /* TheHarborGroupApp */;
			targetProxy = 04C7559C2D987954007B533C /* PBXContainerItemProxy */;
		};
		04C755A72D987954007B533C /* PBXTargetDependency */ = {
			isa = PBXTargetDependency;
			target = 04C7558A2D987952007B533C /* TheHarborGroupApp */;
			targetProxy = 04C755A62D987954007B533C /* PBXContainerItemProxy */;
		};
/* End PBXTargetDependency section */

/* Begin XCBuildConfiguration section */
		04C755AD2D987954007B533C /* Debug */ = {
			isa = XCBuildConfiguration;
			buildSettings = {
				ALWAYS_SEARCH_USER_PATHS = NO;
				ASSETCATALOG_COMPILER_GENERATE_SWIFT_ASSET_SYMBOL_EXTENSIONS = YES;
				CLANG_ANALYZER_NONNULL = YES;
				CLANG_ANALYZER_NUMBER_OBJECT_CONVERSION = YES_AGGRESSIVE;
				CLANG_CXX_LANGUAGE_STANDARD = "gnu++20";
				CLANG_ENABLE_MODULES = YES;
				CLANG_ENABLE_OBJC_ARC = YES;
				CLANG_ENABLE_OBJC_WEAK = YES;
				CLANG_WARN_BLOCK_CAPTURE_AUTORELEASING = YES;
				CLANG_WARN_BOOL_CONVERSION = YES;
				CLANG_WARN_COMMA = YES;
				CLANG_WARN_CONSTANT_CONVERSION = YES;
				CLANG_WARN_DEPRECATED_OBJC_IMPLEMENTATIONS = YES;
				CLANG_WARN_DIRECT_OBJC_ISA_USAGE = YES_ERROR;
				CLANG_WARN_DOCUMENTATION_COMMENTS = YES;
				CLANG_WARN_EMPTY_BODY = YES;
				CLANG_WARN_ENUM_CONVERSION = YES;
				CLANG_WARN_INFINITE_RECURSION = YES;
				CLANG_WARN_INT_CONVERSION = YES;
				CLANG_WARN_NON_LITERAL_NULL_CONVERSION = YES;
				CLANG_WARN_OBJC_IMPLICIT_RETAIN_SELF = YES;
				CLANG_WARN_OBJC_LITERAL_CONVERSION = YES;
				CLANG_WARN_OBJC_ROOT_CLASS = YES_ERROR;
				CLANG_WARN_QUOTED_INCLUDE_IN_FRAMEWORK_HEADER = YES;
				CLANG_WARN_RANGE_LOOP_ANALYSIS = YES;
				CLANG_WARN_STRICT_PROTOTYPES = YES;
				CLANG_WARN_SUSPICIOUS_MOVE = YES;
				CLANG_WARN_UNGUARDED_AVAILABILITY = YES_AGGRESSIVE;
				CLANG_WARN_UNREACHABLE_CODE = YES;
				CLANG_WARN__DUPLICATE_METHOD_MATCH = YES;
				COPY_PHASE_STRIP = NO;
				DEBUG_INFORMATION_FORMAT = dwarf;
				ENABLE_STRICT_OBJC_MSGSEND = YES;
				ENABLE_TESTABILITY = YES;
				ENABLE_USER_SCRIPT_SANDBOXING = YES;
				GCC_C_LANGUAGE_STANDARD = gnu17;
				GCC_DYNAMIC_NO_PIC = NO;
				GCC_NO_COMMON_BLOCKS = YES;
				GCC_OPTIMIZATION_LEVEL = 0;
				GCC_PREPROCESSOR_DEFINITIONS = (
					"DEBUG=1",
					"$(inherited)",
				);
				GCC_WARN_64_TO_32_BIT_CONVERSION = YES;
				GCC_WARN_ABOUT_RETURN_TYPE = YES_ERROR;
				GCC_WARN_UNDECLARED_SELECTOR = YES;
				GCC_WARN_UNINITIALIZED_AUTOS = YES_AGGRESSIVE;
				GCC_WARN_UNUSED_FUNCTION = YES;
				GCC_WARN_UNUSED_VARIABLE = YES;
				IPHONEOS_DEPLOYMENT_TARGET = 18.2;
				LOCALIZATION_PREFERS_STRING_CATALOGS = YES;
				MTL_ENABLE_DEBUG_INFO = INCLUDE_SOURCE;
				MTL_FAST_MATH = YES;
				ONLY_ACTIVE_ARCH = YES;
				SDKROOT = iphoneos;
				SWIFT_ACTIVE_COMPILATION_CONDITIONS = "DEBUG $(inherited)";
				SWIFT_OPTIMIZATION_LEVEL = "-Onone";
			};
			name = Debug;
		};
		04C755AE2D987954007B533C /* Release */ = {
			isa = XCBuildConfiguration;
			buildSettings = {
				ALWAYS_SEARCH_USER_PATHS = NO;
				ASSETCATALOG_COMPILER_GENERATE_SWIFT_ASSET_SYMBOL_EXTENSIONS = YES;
				CLANG_ANALYZER_NONNULL = YES;
				CLANG_ANALYZER_NUMBER_OBJECT_CONVERSION = YES_AGGRESSIVE;
				CLANG_CXX_LANGUAGE_STANDARD = "gnu++20";
				CLANG_ENABLE_MODULES = YES;
				CLANG_ENABLE_OBJC_ARC = YES;
				CLANG_ENABLE_OBJC_WEAK = YES;
				CLANG_WARN_BLOCK_CAPTURE_AUTORELEASING = YES;
				CLANG_WARN_BOOL_CONVERSION = YES;
				CLANG_WARN_COMMA = YES;
				CLANG_WARN_CONSTANT_CONVERSION = YES;
				CLANG_WARN_DEPRECATED_OBJC_IMPLEMENTATIONS = YES;
				CLANG_WARN_DIRECT_OBJC_ISA_USAGE = YES_ERROR;
				CLANG_WARN_DOCUMENTATION_COMMENTS = YES;
				CLANG_WARN_EMPTY_BODY = YES;
				CLANG_WARN_ENUM_CONVERSION = YES;
				CLANG_WARN_INFINITE_RECURSION = YES;
				CLANG_WARN_INT_CONVERSION = YES;
				CLANG_WARN_NON_LITERAL_NULL_CONVERSION = YES;
				CLANG_WARN_OBJC_IMPLICIT_RETAIN_SELF = YES;
				CLANG_WARN_OBJC_LITERAL_CONVERSION = YES;
				CLANG_WARN_OBJC_ROOT_CLASS = YES_ERROR;
				CLANG_WARN_QUOTED_INCLUDE_IN_FRAMEWORK_HEADER = YES;
				CLANG_WARN_RANGE_LOOP_ANALYSIS = YES;
				CLANG_WARN_STRICT_PROTOTYPES = YES;
				CLANG_WARN_SUSPICIOUS_MOVE = YES;
				CLANG_WARN_UNGUARDED_AVAILABILITY = YES_AGGRESSIVE;
				CLANG_WARN_UNREACHABLE_CODE = YES;
				CLANG_WARN__DUPLICATE_METHOD_MATCH = YES;
				COPY_PHASE_STRIP = NO;
				DEBUG_INFORMATION_FORMAT = "dwarf-with-dsym";
				ENABLE_NS_ASSERTIONS = NO;
				ENABLE_STRICT_OBJC_MSGSEND = YES;
				ENABLE_USER_SCRIPT_SANDBOXING = YES;
				GCC_C_LANGUAGE_STANDARD = gnu17;
				GCC_NO_COMMON_BLOCKS = YES;
				GCC_WARN_64_TO_32_BIT_CONVERSION = YES;
				GCC_WARN_ABOUT_RETURN_TYPE = YES_ERROR;
				GCC_WARN_UNDECLARED_SELECTOR = YES;
				GCC_WARN_UNINITIALIZED_AUTOS = YES_AGGRESSIVE;
				GCC_WARN_UNUSED_FUNCTION = YES;
				GCC_WARN_UNUSED_VARIABLE = YES;
				IPHONEOS_DEPLOYMENT_TARGET = 18.2;
				LOCALIZATION_PREFERS_STRING_CATALOGS = YES;
				MTL_ENABLE_DEBUG_INFO = NO;
				MTL_FAST_MATH = YES;
				SDKROOT = iphoneos;
				SWIFT_COMPILATION_MODE = wholemodule;
				VALIDATE_PRODUCT = YES;
			};
			name = Release;
		};
		04C755B02D987954007B533C /* Debug */ = {
			isa = XCBuildConfiguration;
			buildSettings = {
				ASSETCATALOG_COMPILER_APPICON_NAME = AppIcon;
				ASSETCATALOG_COMPILER_GLOBAL_ACCENT_COLOR_NAME = AccentColor;
				CODE_SIGN_STYLE = Automatic;
				CURRENT_PROJECT_VERSION = 1;
				DEVELOPMENT_ASSET_PATHS = "\"TheHarborGroupApp/Preview Content\"";
				DEVELOPMENT_TEAM = VS6H9RH8X4;
				ENABLE_PREVIEWS = YES;
				GENERATE_INFOPLIST_FILE = YES;
				INFOPLIST_KEY_UIApplicationSceneManifest_Generation = YES;
				INFOPLIST_KEY_UIApplicationSupportsIndirectInputEvents = YES;
				INFOPLIST_KEY_UILaunchScreen_Generation = YES;
				INFOPLIST_KEY_UISupportedInterfaceOrientations_iPad = "UIInterfaceOrientationPortrait UIInterfaceOrientationPortraitUpsideDown UIInterfaceOrientationLandscapeLeft UIInterfaceOrientationLandscapeRight";
				INFOPLIST_KEY_UISupportedInterfaceOrientations_iPhone = "UIInterfaceOrientationPortrait UIInterfaceOrientationLandscapeLeft UIInterfaceOrientationLandscapeRight";
				LD_RUNPATH_SEARCH_PATHS = (
					"$(inherited)",
					"@executable_path/Frameworks",
				);
				MARKETING_VERSION = 1.0;
				PRODUCT_BUNDLE_IDENTIFIER = com.harborgroup.TheHarborGroupApp;
				PRODUCT_NAME = "$(TARGET_NAME)";
				SWIFT_EMIT_LOC_STRINGS = YES;
				SWIFT_VERSION = 5.0;
				TARGETED_DEVICE_FAMILY = "1,2";
			};
			name = Debug;
		};
		04C755B12D987954007B533C /* Release */ = {
			isa = XCBuildConfiguration;
			buildSettings = {
				ASSETCATALOG_COMPILER_APPICON_NAME = AppIcon;
				ASSETCATALOG_COMPILER_GLOBAL_ACCENT_COLOR_NAME = AccentColor;
				CODE_SIGN_STYLE = Automatic;
				CURRENT_PROJECT_VERSION = 1;
				DEVELOPMENT_ASSET_PATHS = "\"TheHarborGroupApp/Preview Content\"";
				DEVELOPMENT_TEAM = VS6H9RH8X4;
				ENABLE_PREVIEWS = YES;
				GENERATE_INFOPLIST_FILE = YES;
				INFOPLIST_KEY_UIApplicationSceneManifest_Generation = YES;
				INFOPLIST_KEY_UIApplicationSupportsIndirectInputEvents = YES;
				INFOPLIST_KEY_UILaunchScreen_Generation = YES;
				INFOPLIST_KEY_UISupportedInterfaceOrientations_iPad = "UIInterfaceOrientationPortrait UIInterfaceOrientationPortraitUpsideDown UIInterfaceOrientationLandscapeLeft UIInterfaceOrientationLandscapeRight";
				INFOPLIST_KEY_UISupportedInterfaceOrientations_iPhone = "UIInterfaceOrientationPortrait UIInterfaceOrientationLandscapeLeft UIInterfaceOrientationLandscapeRight";
				LD_RUNPATH_SEARCH_PATHS = (
					"$(inherited)",
					"@executable_path/Frameworks",
				);
				MARKETING_VERSION = 1.0;
				PRODUCT_BUNDLE_IDENTIFIER = com.harborgroup.TheHarborGroupApp;
				PRODUCT_NAME = "$(TARGET_NAME)";
				SWIFT_EMIT_LOC_STRINGS = YES;
				SWIFT_VERSION = 5.0;
				TARGETED_DEVICE_FAMILY = "1,2";
			};
			name = Release;
		};
		04C755B32D987954007B533C /* Debug */ = {
			isa = XCBuildConfiguration;
			buildSettings = {
				BUNDLE_LOADER = "$(TEST_HOST)";
				CODE_SIGN_STYLE = Automatic;
				CURRENT_PROJECT_VERSION = 1;
				DEVELOPMENT_TEAM = VS6H9RH8X4;
				GENERATE_INFOPLIST_FILE = YES;
				IPHONEOS_DEPLOYMENT_TARGET = 18.2;
				MARKETING_VERSION = 1.0;
				PRODUCT_BUNDLE_IDENTIFIER = com.harborgroup.TheHarborGroupAppTests;
				PRODUCT_NAME = "$(TARGET_NAME)";
				SWIFT_EMIT_LOC_STRINGS = NO;
				SWIFT_VERSION = 5.0;
				TARGETED_DEVICE_FAMILY = "1,2";
				TEST_HOST = "$(BUILT_PRODUCTS_DIR)/TheHarborGroupApp.app/$(BUNDLE_EXECUTABLE_FOLDER_PATH)/TheHarborGroupApp";
			};
			name = Debug;
		};
		04C755B42D987954007B533C /* Release */ = {
			isa = XCBuildConfiguration;
			buildSettings = {
				BUNDLE_LOADER = "$(TEST_HOST)";
				CODE_SIGN_STYLE = Automatic;
				CURRENT_PROJECT_VERSION = 1;
				DEVELOPMENT_TEAM = VS6H9RH8X4;
				GENERATE_INFOPLIST_FILE = YES;
				IPHONEOS_DEPLOYMENT_TARGET = 18.2;
				MARKETING_VERSION = 1.0;
				PRODUCT_BUNDLE_IDENTIFIER = com.harborgroup.TheHarborGroupAppTests;
				PRODUCT_NAME = "$(TARGET_NAME)";
				SWIFT_EMIT_LOC_STRINGS = NO;
				SWIFT_VERSION = 5.0;
				TARGETED_DEVICE_FAMILY = "1,2";
				TEST_HOST = "$(BUILT_PRODUCTS_DIR)/TheHarborGroupApp.app/$(BUNDLE_EXECUTABLE_FOLDER_PATH)/TheHarborGroupApp";
			};
			name = Release;
		};
		04C755B62D987954007B533C /* Debug */ = {
			isa = XCBuildConfiguration;
			buildSettings = {
				CODE_SIGN_STYLE = Automatic;
				CURRENT_PROJECT_VERSION = 1;
				DEVELOPMENT_TEAM = VS6H9RH8X4;
				GENERATE_INFOPLIST_FILE = YES;
				MARKETING_VERSION = 1.0;
				PRODUCT_BUNDLE_IDENTIFIER = com.harborgroup.TheHarborGroupAppUITests;
				PRODUCT_NAME = "$(TARGET_NAME)";
				SWIFT_EMIT_LOC_STRINGS = NO;
				SWIFT_VERSION = 5.0;
				TARGETED_DEVICE_FAMILY = "1,2";
				TEST_TARGET_NAME = TheHarborGroupApp;
			};
			name = Debug;
		};
		04C755B72D987954007B533C /* Release */ = {
			isa = XCBuildConfiguration;
			buildSettings = {
				CODE_SIGN_STYLE = Automatic;
				CURRENT_PROJECT_VERSION = 1;
				DEVELOPMENT_TEAM = VS6H9RH8X4;
				GENERATE_INFOPLIST_FILE = YES;
				MARKETING_VERSION = 1.0;
				PRODUCT_BUNDLE_IDENTIFIER = com.harborgroup.TheHarborGroupAppUITests;
				PRODUCT_NAME = "$(TARGET_NAME)";
				SWIFT_EMIT_LOC_STRINGS = NO;
				SWIFT_VERSION = 5.0;
				TARGETED_DEVICE_FAMILY = "1,2";
				TEST_TARGET_NAME = TheHarborGroupApp;
			};
			name = Release;
		};
/* End XCBuildConfiguration section */

/* Begin XCConfigurationList section */
		04C755862D987952007B533C /* Build configuration list for PBXProject "TheHarborGroupApp" */ = {
			isa = XCConfigurationList;
			buildConfigurations = (
				04C755AD2D987954007B533C /* Debug */,
				04C755AE2D987954007B533C /* Release */,
			);
			defaultConfigurationIsVisible = 0;
			defaultConfigurationName = Release;
		};
		04C755AF2D987954007B533C /* Build configuration list for PBXNativeTarget "TheHarborGroupApp" */ = {
			isa = XCConfigurationList;
			buildConfigurations = (
				04C755B02D987954007B533C /* Debug */,
				04C755B12D987954007B533C /* Release */,
			);
			defaultConfigurationIsVisible = 0;
			defaultConfigurationName = Release;
		};
		04C755B22D987954007B533C /* Build configuration list for PBXNativeTarget "TheHarborGroupAppTests" */ = {
			isa = XCConfigurationList;
			buildConfigurations = (
				04C755B32D987954007B533C /* Debug */,
				04C755B42D987954007B533C /* Release */,
			);
			defaultConfigurationIsVisible = 0;
			defaultConfigurationName = Release;
		};
		04C755B52D987954007B533C /* Build configuration list for PBXNativeTarget "TheHarborGroupAppUITests" */ = {
			isa = XCConfigurationList;
			buildConfigurations = (
				04C755B62D987954007B533C /* Debug */,
				04C755B72D987954007B533C /* Release */,
			);
			defaultConfigurationIsVisible = 0;
			defaultConfigurationName = Release;
		};
/* End XCConfigurationList section */

/* Begin XCRemoteSwiftPackageReference section */
		0438DD1D2D98E72C004EF3D9 /* XCRemoteSwiftPackageReference "supabase-swift" */ = {
			isa = XCRemoteSwiftPackageReference;
			repositoryURL = "https://github.com/supabase-community/supabase-swift.git";
			requirement = {
				kind = upToNextMajorVersion;
				minimumVersion = 2.5.1;
			};
		};
/* End XCRemoteSwiftPackageReference section */

/* Begin XCSwiftPackageProductDependency section */
		0438DD1E2D98E72C004EF3D9 /* Auth */ = {
			isa = XCSwiftPackageProductDependency;
			package = 0438DD1D2D98E72C004EF3D9 /* XCRemoteSwiftPackageReference "supabase-swift" */;
			productName = Auth;
		};
		0438DD202D98E72C004EF3D9 /* Functions */ = {
			isa = XCSwiftPackageProductDependency;
			package = 0438DD1D2D98E72C004EF3D9 /* XCRemoteSwiftPackageReference "supabase-swift" */;
			productName = Functions;
		};
		0438DD222D98E72C004EF3D9 /* PostgREST */ = {
			isa = XCSwiftPackageProductDependency;
			package = 0438DD1D2D98E72C004EF3D9 /* XCRemoteSwiftPackageReference "supabase-swift" */;
			productName = PostgREST;
		};
		0438DD242D98E72C004EF3D9 /* Realtime */ = {
			isa = XCSwiftPackageProductDependency;
			package = 0438DD1D2D98E72C004EF3D9 /* XCRemoteSwiftPackageReference "supabase-swift" */;
			productName = Realtime;
		};
		0438DD262D98E72C004EF3D9 /* Storage */ = {
			isa = XCSwiftPackageProductDependency;
			package = 0438DD1D2D98E72C004EF3D9 /* XCRemoteSwiftPackageReference "supabase-swift" */;
			productName = Storage;
		};
		0438DD282D98E72C004EF3D9 /* Supabase */ = {
			isa = XCSwiftPackageProductDependency;
			package = 0438DD1D2D98E72C004EF3D9 /* XCRemoteSwiftPackageReference "supabase-swift" */;
			productName = Supabase;
		};
/* End XCSwiftPackageProductDependency section */
	};
	rootObject = 04C755832D987952007B533C /* Project object */;
}
